
Microsoft Visual Studio Solution File, Format Version 12.00
# Visual Studio Version 17
VisualStudioVersion = 17.2.32516.85
MinimumVisualStudioVersion = 10.0.40219.1
Project("{9A19103F-16F7-4668-BE54-9A1E7A4F7556}") = "AtenaApi", "AtenaApi\AtenaApi.csproj", "{DC2FC16D-42E1-4863-A59B-A23E7AFB0B43}"
EndProject
Project("{2150E333-8FDC-42A3-9474-1A3956D46DE8}") = "Domain", "Domain", "{B4E04BB0-7ED8-4499-8AD2-EBB378874952}"
EndProject
Project("{FAE04EC0-301F-11D3-BF4B-00C04F79EFBC}") = "Atena.Domain.Core", "Atena.Domain.Core\Atena.Domain.Core.csproj", "{D9080FC6-ED77-4624-8F8F-BA2B591EDDDD}"
EndProject
Project("{FAE04EC0-301F-11D3-BF4B-00C04F79EFBC}") = "Atena.Domain", "Atena.Domain\Atena.Domain.csproj", "{03D5D16D-F89A-4057-B94D-F56463435E98}"
EndProject
Global
	GlobalSection(SolutionConfigurationPlatforms) = preSolution
		Debug|Any CPU = Debug|Any CPU
		Release|Any CPU = Release|Any CPU
	EndGlobalSection
	GlobalSection(ProjectConfigurationPlatforms) = postSolution
		{DC2FC16D-42E1-4863-A59B-A23E7AFB0B43}.Debug|Any CPU.ActiveCfg = Debug|Any CPU
		{DC2FC16D-42E1-4863-A59B-A23E7AFB0B43}.Debug|Any CPU.Build.0 = Debug|Any CPU
		{DC2FC16D-42E1-4863-A59B-A23E7AFB0B43}.Release|Any CPU.ActiveCfg = Release|Any CPU
		{DC2FC16D-42E1-4863-A59B-A23E7AFB0B43}.Release|Any CPU.Build.0 = Release|Any CPU
		{D9080FC6-ED77-4624-8F8F-BA2B591EDDDD}.Debug|Any CPU.ActiveCfg = Debug|Any CPU
		{D9080FC6-ED77-4624-8F8F-BA2B591EDDDD}.Debug|Any CPU.Build.0 = Debug|Any CPU
		{D9080FC6-ED77-4624-8F8F-BA2B591EDDDD}.Release|Any CPU.ActiveCfg = Release|Any CPU
		{D9080FC6-ED77-4624-8F8F-BA2B591EDDDD}.Release|Any CPU.Build.0 = Release|Any CPU
		{03D5D16D-F89A-4057-B94D-F56463435E98}.Debug|Any CPU.ActiveCfg = Debug|Any CPU
		{03D5D16D-F89A-4057-B94D-F56463435E98}.Debug|Any CPU.Build.0 = Debug|Any CPU
		{03D5D16D-F89A-4057-B94D-F56463435E98}.Release|Any CPU.ActiveCfg = Release|Any CPU
		{03D5D16D-F89A-4057-B94D-F56463435E98}.Release|Any CPU.Build.0 = Release|Any CPU
	EndGlobalSection
	GlobalSection(SolutionProperties) = preSolution
		HideSolutionNode = FALSE
	EndGlobalSection
	GlobalSection(NestedProjects) = preSolution
		{D9080FC6-ED77-4624-8F8F-BA2B591EDDDD} = {B4E04BB0-7ED8-4499-8AD2-EBB378874952}
		{03D5D16D-F89A-4057-B94D-F56463435E98} = {B4E04BB0-7ED8-4499-8AD2-EBB378874952}
	EndGlobalSection
	GlobalSection(ExtensibilityGlobals) = postSolution
		SolutionGuid = {2DB55B14-EDEF-4A81-BDC7-8F3F0AD82DE4}
	EndGlobalSection
EndGlobal
